// !$*UTF8*$!
{
	archiveVersion = 1;
	classes = {
	};
	objectVersion = 56;
	objects = {

/* Begin PBXBuildFile section */
		369D76922C00586E00777A8E /* AppDelegate.swift in Sources */ = {isa = PBXBuildFile; fileRef = 369D76912C00586E00777A8E /* AppDelegate.swift */; };
		369D76942C00586E00777A8E /* SceneDelegate.swift in Sources */ = {isa = PBXBuildFile; fileRef = 369D76932C00586E00777A8E /* SceneDelegate.swift */; };
		369D76962C00586E00777A8E /* ViewController.swift in Sources */ = {isa = PBXBuildFile; fileRef = 369D76952C00586E00777A8E /* ViewController.swift */; };
		369D76992C00586E00777A8E /* Main.storyboard in Resources */ = {isa = PBXBuildFile; fileRef = 369D76972C00586E00777A8E /* Main.storyboard */; };
		369D769B2C00587000777A8E /* Assets.xcassets in Resources */ = {isa = PBXBuildFile; fileRef = 369D769A2C00587000777A8E /* Assets.xcassets */; };
		369D769E2C00587000777A8E /* LaunchScreen.storyboard in Resources */ = {isa = PBXBuildFile; fileRef = 369D769C2C00587000777A8E /* LaunchScreen.storyboard */; };
		369D76A92C00587000777A8E /* BookingAppTests.swift in Sources */ = {isa = PBXBuildFile; fileRef = 369D76A82C00587000777A8E /* BookingAppTests.swift */; };
		369D76B32C00587000777A8E /* BookingAppUITests.swift in Sources */ = {isa = PBXBuildFile; fileRef = 369D76B22C00587000777A8E /* BookingAppUITests.swift */; };
		369D76B52C00587000777A8E /* BookingAppUITestsLaunchTests.swift in Sources */ = {isa = PBXBuildFile; fileRef = 369D76B42C00587000777A8E /* BookingAppUITestsLaunchTests.swift */; };
		369D76C32C00598400777A8E /* HotelTableViewCell.swift in Sources */ = {isa = PBXBuildFile; fileRef = 369D76C12C00598400777A8E /* HotelTableViewCell.swift */; };
		369D76C42C00598400777A8E /* HotelTableViewCell.xib in Resources */ = {isa = PBXBuildFile; fileRef = 369D76C22C00598400777A8E /* HotelTableViewCell.xib */; };
/* End PBXBuildFile section */

/* Begin PBXContainerItemProxy section */
		369D76A52C00587000777A8E /* PBXContainerItemProxy */ = {
			isa = PBXContainerItemProxy;
			containerPortal = 369D76862C00586E00777A8E /* Project object */;
			proxyType = 1;
			remoteGlobalIDString = 369D768D2C00586E00777A8E;
			remoteInfo = BookingApp;
		};
		369D76AF2C00587000777A8E /* PBXContainerItemProxy */ = {
			isa = PBXContainerItemProxy;
			containerPortal = 369D76862C00586E00777A8E /* Project object */;
			proxyType = 1;
			remoteGlobalIDString = 369D768D2C00586E00777A8E;
			remoteInfo = BookingApp;
		};
/* End PBXContainerItemProxy section */

/* Begin PBXFileReference section */
		369D768E2C00586E00777A8E /* BookingApp.app */ = {isa = PBXFileReference; explicitFileType = wrapper.application; includeInIndex = 0; path = BookingApp.app; sourceTree = BUILT_PRODUCTS_DIR; };
		369D76912C00586E00777A8E /* AppDelegate.swift */ = {isa = PBXFileReference; lastKnownFileType = sourcecode.swift; path = AppDelegate.swift; sourceTree = "<group>"; };
		369D76932C00586E00777A8E /* SceneDelegate.swift */ = {isa = PBXFileReference; lastKnownFileType = sourcecode.swift; path = SceneDelegate.swift; sourceTree = "<group>"; };
		369D76952C00586E00777A8E /* ViewController.swift */ = {isa = PBXFileReference; lastKnownFileType = sourcecode.swift; path = ViewController.swift; sourceTree = "<group>"; };
		369D76982C00586E00777A8E /* Base */ = {isa = PBXFileReference; lastKnownFileType = file.storyboard; name = Base; path = Base.lproj/Main.storyboard; sourceTree = "<group>"; };
		369D769A2C00587000777A8E /* Assets.xcassets */ = {isa = PBXFileReference; lastKnownFileType = folder.assetcatalog; path = Assets.xcassets; sourceTree = "<group>"; };
		369D769D2C00587000777A8E /* Base */ = {isa = PBXFileReference; lastKnownFileType = file.storyboard; name = Base; path = Base.lproj/LaunchScreen.storyboard; sourceTree = "<group>"; };
		369D769F2C00587000777A8E /* Info.plist */ = {isa = PBXFileReference; lastKnownFileType = text.plist.xml; path = Info.plist; sourceTree = "<group>"; };
		369D76A42C00587000777A8E /* BookingAppTests.xctest */ = {isa = PBXFileReference; explicitFileType = wrapper.cfbundle; includeInIndex = 0; path = BookingAppTests.xctest; sourceTree = BUILT_PRODUCTS_DIR; };
		369D76A82C00587000777A8E /* BookingAppTests.swift */ = {isa = PBXFileReference; lastKnownFileType = sourcecode.swift; path = BookingAppTests.swift; sourceTree = "<group>"; };
		369D76AE2C00587000777A8E /* BookingAppUITests.xctest */ = {isa = PBXFileReference; explicitFileType = wrapper.cfbundle; includeInIndex = 0; path = BookingAppUITests.xctest; sourceTree = BUILT_PRODUCTS_DIR; };
		369D76B22C00587000777A8E /* BookingAppUITests.swift */ = {isa = PBXFileReference; lastKnownFileType = sourcecode.swift; path = BookingAppUITests.swift; sourceTree = "<group>"; };
		369D76B42C00587000777A8E /* BookingAppUITestsLaunchTests.swift */ = {isa = PBXFileReference; lastKnownFileType = sourcecode.swift; path = BookingAppUITestsLaunchTests.swift; sourceTree = "<group>"; };
		369D76C12C00598400777A8E /* HotelTableViewCell.swift */ = {isa = PBXFileReference; lastKnownFileType = sourcecode.swift; path = HotelTableViewCell.swift; sourceTree = "<group>"; };
		369D76C22C00598400777A8E /* HotelTableViewCell.xib */ = {isa = PBXFileReference; lastKnownFileType = file.xib; path = HotelTableViewCell.xib; sourceTree = "<group>"; };
/* End PBXFileReference section */

/* Begin PBXFrameworksBuildPhase section */
		369D768B2C00586E00777A8E /* Frameworks */ = {
			isa = PBXFrameworksBuildPhase;
			buildActionMask = 2147483647;
			files = (
			);
			runOnlyForDeploymentPostprocessing = 0;
		};
		369D76A12C00587000777A8E /* Frameworks */ = {
			isa = PBXFrameworksBuildPhase;
			buildActionMask = 2147483647;
			files = (
			);
			runOnlyForDeploymentPostprocessing = 0;
		};
		369D76AB2C00587000777A8E /* Frameworks */ = {
			isa = PBXFrameworksBuildPhase;
			buildActionMask = 2147483647;
			files = (
			);
			runOnlyForDeploymentPostprocessing = 0;
		};
/* End PBXFrameworksBuildPhase section */

/* Begin PBXGroup section */
		369D76852C00586E00777A8E = {
			isa = PBXGroup;
			children = (
				369D76902C00586E00777A8E /* BookingApp */,
				369D76A72C00587000777A8E /* BookingAppTests */,
				369D76B12C00587000777A8E /* BookingAppUITests */,
				369D768F2C00586E00777A8E /* Products */,
			);
			sourceTree = "<group>";
		};
		369D768F2C00586E00777A8E /* Products */ = {
			isa = PBXGroup;
			children = (
				369D768E2C00586E00777A8E /* BookingApp.app */,
				369D76A42C00587000777A8E /* BookingAppTests.xctest */,
				369D76AE2C00587000777A8E /* BookingAppUITests.xctest */,
			);
			name = Products;
			sourceTree = "<group>";
		};
		369D76902C00586E00777A8E /* BookingApp */ = {
			isa = PBXGroup;
			children = (
				369D76912C00586E00777A8E /* AppDelegate.swift */,
				369D76932C00586E00777A8E /* SceneDelegate.swift */,
				369D76952C00586E00777A8E /* ViewController.swift */,
				369D76972C00586E00777A8E /* Main.storyboard */,
				369D76C12C00598400777A8E /* HotelTableViewCell.swift */,
				369D76C22C00598400777A8E /* HotelTableViewCell.xib */,
				369D769A2C00587000777A8E /* Assets.xcassets */,
				369D769C2C00587000777A8E /* LaunchScreen.storyboard */,
				369D769F2C00587000777A8E /* Info.plist */,
			);
			path = BookingApp;
			sourceTree = "<group>";
		};
		369D76A72C00587000777A8E /* BookingAppTests */ = {
			isa = PBXGroup;
			children = (
				369D76A82C00587000777A8E /* BookingAppTests.swift */,
			);
			path = BookingAppTests;
			sourceTree = "<group>";
		};
		369D76B12C00587000777A8E /* BookingAppUITests */ = {
			isa = PBXGroup;
			children = (
				369D76B22C00587000777A8E /* BookingAppUITests.swift */,
				369D76B42C00587000777A8E /* BookingAppUITestsLaunchTests.swift */,
			);
			path = BookingAppUITests;
			sourceTree = "<group>";
		};
/* End PBXGroup section */

/* Begin PBXNativeTarget section */
		369D768D2C00586E00777A8E /* BookingApp */ = {
			isa = PBXNativeTarget;
			buildConfigurationList = 369D76B82C00587000777A8E /* Build configuration list for PBXNativeTarget "BookingApp" */;
			buildPhases = (
				369D768A2C00586E00777A8E /* Sources */,
				369D768B2C00586E00777A8E /* Frameworks */,
				369D768C2C00586E00777A8E /* Resources */,
			);
			buildRules = (
			);
			dependencies = (
			);
			name = BookingApp;
			productName = BookingApp;
			productReference = 369D768E2C00586E00777A8E /* BookingApp.app */;
			productType = "com.apple.product-type.application";
		};
		369D76A32C00587000777A8E /* BookingAppTests */ = {
			isa = PBXNativeTarget;
			buildConfigurationList = 369D76BB2C00587000777A8E /* Build configuration list for PBXNativeTarget "BookingAppTests" */;
			buildPhases = (
				369D76A02C00587000777A8E /* Sources */,
				369D76A12C00587000777A8E /* Frameworks */,
				369D76A22C00587000777A8E /* Resources */,
			);
			buildRules = (
			);
			dependencies = (
				369D76A62C00587000777A8E /* PBXTargetDependency */,
			);
			name = BookingAppTests;
			productName = BookingAppTests;
			productReference = 369D76A42C00587000777A8E /* BookingAppTests.xctest */;
			productType = "com.apple.product-type.bundle.unit-test";
		};
		369D76AD2C00587000777A8E /* BookingAppUITests */ = {
			isa = PBXNativeTarget;
			buildConfigurationList = 369D76BE2C00587000777A8E /* Build configuration list for PBXNativeTarget "BookingAppUITests" */;
			buildPhases = (
				369D76AA2C00587000777A8E /* Sources */,
				369D76AB2C00587000777A8E /* Frameworks */,
				369D76AC2C00587000777A8E /* Resources */,
			);
			buildRules = (
			);
			dependencies = (
				369D76B02C00587000777A8E /* PBXTargetDependency */,
			);
			name = BookingAppUITests;
			productName = BookingAppUITests;
			productReference = 369D76AE2C00587000777A8E /* BookingAppUITests.xctest */;
			productType = "com.apple.product-type.bundle.ui-testing";
		};
/* End PBXNativeTarget section */

/* Begin PBXProject section */
		369D76862C00586E00777A8E /* Project object */ = {
			isa = PBXProject;
			attributes = {
				BuildIndependentTargetsInParallel = 1;
				LastSwiftUpdateCheck = 1420;
				LastUpgradeCheck = 1420;
				TargetAttributes = {
					369D768D2C00586E00777A8E = {
						CreatedOnToolsVersion = 14.2;
					};
					369D76A32C00587000777A8E = {
						CreatedOnToolsVersion = 14.2;
						TestTargetID = 369D768D2C00586E00777A8E;
					};
					369D76AD2C00587000777A8E = {
						CreatedOnToolsVersion = 14.2;
						TestTargetID = 369D768D2C00586E00777A8E;
					};
				};
			};
			buildConfigurationList = 369D76892C00586E00777A8E /* Build configuration list for PBXProject "BookingApp" */;
			compatibilityVersion = "Xcode 14.0";
			developmentRegion = en;
			hasScannedForEncodings = 0;
			knownRegions = (
				en,
				Base,
			);
			mainGroup = 369D76852C00586E00777A8E;
			productRefGroup = 369D768F2C00586E00777A8E /* Products */;
			projectDirPath = "";
			projectRoot = "";
			targets = (
				369D768D2C00586E00777A8E /* BookingApp */,
				369D76A32C00587000777A8E /* BookingAppTests */,
				369D76AD2C00587000777A8E /* BookingAppUITests */,
			);
		};
/* End PBXProject section */

/* Begin PBXResourcesBuildPhase section */
		369D768C2C00586E00777A8E /* Resources */ = {
			isa = PBXResourcesBuildPhase;
			buildActionMask = 2147483647;
			files = (
				369D769E2C00587000777A8E /* LaunchScreen.storyboard in Resources */,
				369D769B2C00587000777A8E /* Assets.xcassets in Resources */,
				369D76C42C00598400777A8E /* HotelTableViewCell.xib in Resources */,
				369D76992C00586E00777A8E /* Main.storyboard in Resources */,
			);
			runOnlyForDeploymentPostprocessing = 0;
		};
		369D76A22C00587000777A8E /* Resources */ = {
			isa = PBXResourcesBuildPhase;
			buildActionMask = 2147483647;
			files = (
			);
			runOnlyForDeploymentPostprocessing = 0;
		};
		369D76AC2C00587000777A8E /* Resources */ = {
			isa = PBXResourcesBuildPhase;
			buildActionMask = 2147483647;
			files = (
			);
			runOnlyForDeploymentPostprocessing = 0;
		};
/* End PBXResourcesBuildPhase section */

/* Begin PBXSourcesBuildPhase section */
		369D768A2C00586E00777A8E /* Sources */ = {
			isa = PBXSourcesBuildPhase;
			buildActionMask = 2147483647;
			files = (
				369D76962C00586E00777A8E /* ViewController.swift in Sources */,
				369D76922C00586E00777A8E /* AppDelegate.swift in Sources */,
				369D76C32C00598400777A8E /* HotelTableViewCell.swift in Sources */,
				369D76942C00586E00777A8E /* SceneDelegate.swift in Sources */,
			);
			runOnlyForDeploymentPostprocessing = 0;
		};
		369D76A02C00587000777A8E /* Sources */ = {
			isa = PBXSourcesBuildPhase;
			buildActionMask = 2147483647;
			files = (
				369D76A92C00587000777A8E /* BookingAppTests.swift in Sources */,
			);
			runOnlyForDeploymentPostprocessing = 0;
		};
		369D76AA2C00587000777A8E /* Sources */ = {
			isa = PBXSourcesBuildPhase;
			buildActionMask = 2147483647;
			files = (
				369D76B52C00587000777A8E /* BookingAppUITestsLaunchTests.swift in Sources */,
				369D76B32C00587000777A8E /* BookingAppUITests.swift in Sources */,
			);
			runOnlyForDeploymentPostprocessing = 0;
		};
/* End PBXSourcesBuildPhase section */

/* Begin PBXTargetDependency section */
		369D76A62C00587000777A8E /* PBXTargetDependency */ = {
			isa = PBXTargetDependency;
			target = 369D768D2C00586E00777A8E /* BookingApp */;
			targetProxy = 369D76A52C00587000777A8E /* PBXContainerItemProxy */;
		};
		369D76B02C00587000777A8E /* PBXTargetDependency */ = {
			isa = PBXTargetDependency;
			target = 369D768D2C00586E00777A8E /* BookingApp */;
			targetProxy = 369D76AF2C00587000777A8E /* PBXContainerItemProxy */;
		};
/* End PBXTargetDependency section */

/* Begin PBXVariantGroup section */
		369D76972C00586E00777A8E /* Main.storyboard */ = {
			isa = PBXVariantGroup;
			children = (
				369D76982C00586E00777A8E /* Base */,
			);
			name = Main.storyboard;
			sourceTree = "<group>";
		};
		369D769C2C00587000777A8E /* LaunchScreen.storyboard */ = {
			isa = PBXVariantGroup;
			children = (
				369D769D2C00587000777A8E /* Base */,
			);
			name = LaunchScreen.storyboard;
			sourceTree = "<group>";
		};
/* End PBXVariantGroup section */

/* Begin XCBuildConfiguration section */
		369D76B62C00587000777A8E /* Debug */ = {
			isa = XCBuildConfiguration;
			buildSettings = {
				ALWAYS_SEARCH_USER_PATHS = NO;
				CLANG_ANALYZER_NONNULL = YES;
				CLANG_ANALYZER_NUMBER_OBJECT_CONVERSION = YES_AGGRESSIVE;
				CLANG_CXX_LANGUAGE_STANDARD = "gnu++20";
				CLANG_ENABLE_MODULES = YES;
				CLANG_ENABLE_OBJC_ARC = YES;
				CLANG_ENABLE_OBJC_WEAK = YES;
				CLANG_WARN_BLOCK_CAPTURE_AUTORELEASING = YES;
				CLANG_WARN_BOOL_CONVERSION = YES;
				CLANG_WARN_COMMA = YES;
				CLANG_WARN_CONSTANT_CONVERSION = YES;
				CLANG_WARN_DEPRECATED_OBJC_IMPLEMENTATIONS = YES;
				CLANG_WARN_DIRECT_OBJC_ISA_USAGE = YES_ERROR;
				CLANG_WARN_DOCUMENTATION_COMMENTS = YES;
				CLANG_WARN_EMPTY_BODY = YES;
				CLANG_WARN_ENUM_CONVERSION = YES;
				CLANG_WARN_INFINITE_RECURSION = YES;
				CLANG_WARN_INT_CONVERSION = YES;
				CLANG_WARN_NON_LITERAL_NULL_CONVERSION = YES;
				CLANG_WARN_OBJC_IMPLICIT_RETAIN_SELF = YES;
				CLANG_WARN_OBJC_LITERAL_CONVERSION = YES;
				CLANG_WARN_OBJC_ROOT_CLASS = YES_ERROR;
				CLANG_WARN_QUOTED_INCLUDE_IN_FRAMEWORK_HEADER = YES;
				CLANG_WARN_RANGE_LOOP_ANALYSIS = YES;
				CLANG_WARN_STRICT_PROTOTYPES = YES;
				CLANG_WARN_SUSPICIOUS_MOVE = YES;
				CLANG_WARN_UNGUARDED_AVAILABILITY = YES_AGGRESSIVE;
				CLANG_WARN_UNREACHABLE_CODE = YES;
				CLANG_WARN__DUPLICATE_METHOD_MATCH = YES;
				COPY_PHASE_STRIP = NO;
				DEBUG_INFORMATION_FORMAT = dwarf;
				ENABLE_STRICT_OBJC_MSGSEND = YES;
				ENABLE_TESTABILITY = YES;
				GCC_C_LANGUAGE_STANDARD = gnu11;
				GCC_DYNAMIC_NO_PIC = NO;
				GCC_NO_COMMON_BLOCKS = YES;
				GCC_OPTIMIZATION_LEVEL = 0;
				GCC_PREPROCESSOR_DEFINITIONS = (
					"DEBUG=1",
					"$(inherited)",
				);
				GCC_WARN_64_TO_32_BIT_CONVERSION = YES;
				GCC_WARN_ABOUT_RETURN_TYPE = YES_ERROR;
				GCC_WARN_UNDECLARED_SELECTOR = YES;
				GCC_WARN_UNINITIALIZED_AUTOS = YES_AGGRESSIVE;
				GCC_WARN_UNUSED_FUNCTION = YES;
				GCC_WARN_UNUSED_VARIABLE = YES;
				IPHONEOS_DEPLOYMENT_TARGET = 16.2;
				MTL_ENABLE_DEBUG_INFO = INCLUDE_SOURCE;
				MTL_FAST_MATH = YES;
				ONLY_ACTIVE_ARCH = YES;
				SDKROOT = iphoneos;
				SWIFT_ACTIVE_COMPILATION_CONDITIONS = DEBUG;
				SWIFT_OPTIMIZATION_LEVEL = "-Onone";
			};
			name = Debug;
		};
		369D76B72C00587000777A8E /* Release */ = {
			isa = XCBuildConfiguration;
			buildSettings = {
				ALWAYS_SEARCH_USER_PATHS = NO;
				CLANG_ANALYZER_NONNULL = YES;
				CLANG_ANALYZER_NUMBER_OBJECT_CONVERSION = YES_AGGRESSIVE;
				CLANG_CXX_LANGUAGE_STANDARD = "gnu++20";
				CLANG_ENABLE_MODULES = YES;
				CLANG_ENABLE_OBJC_ARC = YES;
				CLANG_ENABLE_OBJC_WEAK = YES;
				CLANG_WARN_BLOCK_CAPTURE_AUTORELEASING = YES;
				CLANG_WARN_BOOL_CONVERSION = YES;
				CLANG_WARN_COMMA = YES;
				CLANG_WARN_CONSTANT_CONVERSION = YES;
				CLANG_WARN_DEPRECATED_OBJC_IMPLEMENTATIONS = YES;
				CLANG_WARN_DIRECT_OBJC_ISA_USAGE = YES_ERROR;
				CLANG_WARN_DOCUMENTATION_COMMENTS = YES;
				CLANG_WARN_EMPTY_BODY = YES;
				CLANG_WARN_ENUM_CONVERSION = YES;
				CLANG_WARN_INFINITE_RECURSION = YES;
				CLANG_WARN_INT_CONVERSION = YES;
				CLANG_WARN_NON_LITERAL_NULL_CONVERSION = YES;
				CLANG_WARN_OBJC_IMPLICIT_RETAIN_SELF = YES;
				CLANG_WARN_OBJC_LITERAL_CONVERSION = YES;
				CLANG_WARN_OBJC_ROOT_CLASS = YES_ERROR;
				CLANG_WARN_QUOTED_INCLUDE_IN_FRAMEWORK_HEADER = YES;
				CLANG_WARN_RANGE_LOOP_ANALYSIS = YES;
				CLANG_WARN_STRICT_PROTOTYPES = YES;
				CLANG_WARN_SUSPICIOUS_MOVE = YES;
				CLANG_WARN_UNGUARDED_AVAILABILITY = YES_AGGRESSIVE;
				CLANG_WARN_UNREACHABLE_CODE = YES;
				CLANG_WARN__DUPLICATE_METHOD_MATCH = YES;
				COPY_PHASE_STRIP = NO;
				DEBUG_INFORMATION_FORMAT = "dwarf-with-dsym";
				ENABLE_NS_ASSERTIONS = NO;
				ENABLE_STRICT_OBJC_MSGSEND = YES;
				GCC_C_LANGUAGE_STANDARD = gnu11;
				GCC_NO_COMMON_BLOCKS = YES;
				GCC_WARN_64_TO_32_BIT_CONVERSION = YES;
				GCC_WARN_ABOUT_RETURN_TYPE = YES_ERROR;
				GCC_WARN_UNDECLARED_SELECTOR = YES;
				GCC_WARN_UNINITIALIZED_AUTOS = YES_AGGRESSIVE;
				GCC_WARN_UNUSED_FUNCTION = YES;
				GCC_WARN_UNUSED_VARIABLE = YES;
				IPHONEOS_DEPLOYMENT_TARGET = 16.2;
				MTL_ENABLE_DEBUG_INFO = NO;
				MTL_FAST_MATH = YES;
				SDKROOT = iphoneos;
				SWIFT_COMPILATION_MODE = wholemodule;
				SWIFT_OPTIMIZATION_LEVEL = "-O";
				VALIDATE_PRODUCT = YES;
			};
			name = Release;
		};
		369D76B92C00587000777A8E /* Debug */ = {
			isa = XCBuildConfiguration;
			buildSettings = {
				ASSETCATALOG_COMPILER_APPICON_NAME = AppIcon;
				ASSETCATALOG_COMPILER_GLOBAL_ACCENT_COLOR_NAME = AccentColor;
				CODE_SIGN_STYLE = Automatic;
				CURRENT_PROJECT_VERSION = 1;
				DEVELOPMENT_TEAM = LRAYHCZPKF;
				GENERATE_INFOPLIST_FILE = YES;
				INFOPLIST_FILE = BookingApp/Info.plist;
				INFOPLIST_KEY_UIApplicationSupportsIndirectInputEvents = YES;
				INFOPLIST_KEY_UILaunchStoryboardName = LaunchScreen;
				INFOPLIST_KEY_UIMainStoryboardFile = Main;
				INFOPLIST_KEY_UISupportedInterfaceOrientations_iPad = "UIInterfaceOrientationPortrait UIInterfaceOrientationPortraitUpsideDown UIInterfaceOrientationLandscapeLeft UIInterfaceOrientationLandscapeRight";
				INFOPLIST_KEY_UISupportedInterfaceOrientations_iPhone = "UIInterfaceOrientationPortrait UIInterfaceOrientationLandscapeLeft UIInterfaceOrientationLandscapeRight";
				LD_RUNPATH_SEARCH_PATHS = (
					"$(inherited)",
					"@executable_path/Frameworks",
				);
				MARKETING_VERSION = 1.0;
				PRODUCT_BUNDLE_IDENTIFIER = testExample.BookingApp;
				PRODUCT_NAME = "$(TARGET_NAME)";
				SWIFT_EMIT_LOC_STRINGS = YES;
				SWIFT_VERSION = 5.0;
				TARGETED_DEVICE_FAMILY = "1,2";
			};
			name = Debug;
		};
		369D76BA2C00587000777A8E /* Release */ = {
			isa = XCBuildConfiguration;
			buildSettings = {
				ASSETCATALOG_COMPILER_APPICON_NAME = AppIcon;
				ASSETCATALOG_COMPILER_GLOBAL_ACCENT_COLOR_NAME = AccentColor;
				CODE_SIGN_STYLE = Automatic;
				CURRENT_PROJECT_VERSION = 1;
				DEVELOPMENT_TEAM = LRAYHCZPKF;
				GENERATE_INFOPLIST_FILE = YES;
				INFOPLIST_FILE = BookingApp/Info.plist;
				INFOPLIST_KEY_UIApplicationSupportsIndirectInputEvents = YES;
				INFOPLIST_KEY_UILaunchStoryboardName = LaunchScreen;
				INFOPLIST_KEY_UIMainStoryboardFile = Main;
				INFOPLIST_KEY_UISupportedInterfaceOrientations_iPad = "UIInterfaceOrientationPortrait UIInterfaceOrientationPortraitUpsideDown UIInterfaceOrientationLandscapeLeft UIInterfaceOrientationLandscapeRight";
				INFOPLIST_KEY_UISupportedInterfaceOrientations_iPhone = "UIInterfaceOrientationPortrait UIInterfaceOrientationLandscapeLeft UIInterfaceOrientationLandscapeRight";
				LD_RUNPATH_SEARCH_PATHS = (
					"$(inherited)",
					"@executable_path/Frameworks",
				);
				MARKETING_VERSION = 1.0;
				PRODUCT_BUNDLE_IDENTIFIER = testExample.BookingApp;
				PRODUCT_NAME = "$(TARGET_NAME)";
				SWIFT_EMIT_LOC_STRINGS = YES;
				SWIFT_VERSION = 5.0;
				TARGETED_DEVICE_FAMILY = "1,2";
			};
			name = Release;
		};
		369D76BC2C00587000777A8E /* Debug */ = {
			isa = XCBuildConfiguration;
			buildSettings = {
				ALWAYS_EMBED_SWIFT_STANDARD_LIBRARIES = YES;
				BUNDLE_LOADER = "$(TEST_HOST)";
				CODE_SIGN_STYLE = Automatic;
				CURRENT_PROJECT_VERSION = 1;
				DEVELOPMENT_TEAM = LRAYHCZPKF;
				GENERATE_INFOPLIST_FILE = YES;
				IPHONEOS_DEPLOYMENT_TARGET = 16.2;
				MARKETING_VERSION = 1.0;
				PRODUCT_BUNDLE_IDENTIFIER = testExample.BookingAppTests;
				PRODUCT_NAME = "$(TARGET_NAME)";
				SWIFT_EMIT_LOC_STRINGS = NO;
				SWIFT_VERSION = 5.0;
				TARGETED_DEVICE_FAMILY = "1,2";
				TEST_HOST = "$(BUILT_PRODUCTS_DIR)/BookingApp.app/$(BUNDLE_EXECUTABLE_FOLDER_PATH)/BookingApp";
			};
			name = Debug;
		};
		369D76BD2C00587000777A8E /* Release */ = {
			isa = XCBuildConfiguration;
			buildSettings = {
				ALWAYS_EMBED_SWIFT_STANDARD_LIBRARIES = YES;
				BUNDLE_LOADER = "$(TEST_HOST)";
				CODE_SIGN_STYLE = Automatic;
				CURRENT_PROJECT_VERSION = 1;
				DEVELOPMENT_TEAM = LRAYHCZPKF;
				GENERATE_INFOPLIST_FILE = YES;
				IPHONEOS_DEPLOYMENT_TARGET = 16.2;
				MARKETING_VERSION = 1.0;
				PRODUCT_BUNDLE_IDENTIFIER = testExample.BookingAppTests;
				PRODUCT_NAME = "$(TARGET_NAME)";
				SWIFT_EMIT_LOC_STRINGS = NO;
				SWIFT_VERSION = 5.0;
				TARGETED_DEVICE_FAMILY = "1,2";
				TEST_HOST = "$(BUILT_PRODUCTS_DIR)/BookingApp.app/$(BUNDLE_EXECUTABLE_FOLDER_PATH)/BookingApp";
			};
			name = Release;
		};
		369D76BF2C00587000777A8E /* Debug */ = {
			isa = XCBuildConfiguration;
			buildSettings = {
				ALWAYS_EMBED_SWIFT_STANDARD_LIBRARIES = YES;
				CODE_SIGN_STYLE = Automatic;
				CURRENT_PROJECT_VERSION = 1;
				DEVELOPMENT_TEAM = LRAYHCZPKF;
				GENERATE_INFOPLIST_FILE = YES;
				MARKETING_VERSION = 1.0;
				PRODUCT_BUNDLE_IDENTIFIER = testExample.BookingAppUITests;
				PRODUCT_NAME = "$(TARGET_NAME)";
				SWIFT_EMIT_LOC_STRINGS = NO;
				SWIFT_VERSION = 5.0;
				TARGETED_DEVICE_FAMILY = "1,2";
				TEST_TARGET_NAME = BookingApp;
			};
			name = Debug;
		};
		369D76C02C00587000777A8E /* Release */ = {
			isa = XCBuildConfiguration;
			buildSettings = {
				ALWAYS_EMBED_SWIFT_STANDARD_LIBRARIES = YES;
				CODE_SIGN_STYLE = Automatic;
				CURRENT_PROJECT_VERSION = 1;
				DEVELOPMENT_TEAM = LRAYHCZPKF;
				GENERATE_INFOPLIST_FILE = YES;
				MARKETING_VERSION = 1.0;
				PRODUCT_BUNDLE_IDENTIFIER = testExample.BookingAppUITests;
				PRODUCT_NAME = "$(TARGET_NAME)";
				SWIFT_EMIT_LOC_STRINGS = NO;
				SWIFT_VERSION = 5.0;
				TARGETED_DEVICE_FAMILY = "1,2";
				TEST_TARGET_NAME = BookingApp;
			};
			name = Release;
		};
/* End XCBuildConfiguration section */

/* Begin XCConfigurationList section */
		369D76892C00586E00777A8E /* Build configuration list for PBXProject "BookingApp" */ = {
			isa = XCConfigurationList;
			buildConfigurations = (
				369D76B62C00587000777A8E /* Debug */,
				369D76B72C00587000777A8E /* Release */,
			);
			defaultConfigurationIsVisible = 0;
			defaultConfigurationName = Release;
		};
		369D76B82C00587000777A8E /* Build configuration list for PBXNativeTarget "BookingApp" */ = {
			isa = XCConfigurationList;
			buildConfigurations = (
				369D76B92C00587000777A8E /* Debug */,
				369D76BA2C00587000777A8E /* Release */,
			);
			defaultConfigurationIsVisible = 0;
			defaultConfigurationName = Release;
		};
		369D76BB2C00587000777A8E /* Build configuration list for PBXNativeTarget "BookingAppTests" */ = {
			isa = XCConfigurationList;
			buildConfigurations = (
				369D76BC2C00587000777A8E /* Debug */,
				369D76BD2C00587000777A8E /* Release */,
			);
			defaultConfigurationIsVisible = 0;
			defaultConfigurationName = Release;
		};
		369D76BE2C00587000777A8E /* Build configuration list for PBXNativeTarget "BookingAppUITests" */ = {
			isa = XCConfigurationList;
			buildConfigurations = (
				369D76BF2C00587000777A8E /* Debug */,
				369D76C02C00587000777A8E /* Release */,
			);
			defaultConfigurationIsVisible = 0;
			defaultConfigurationName = Release;
		};
/* End XCConfigurationList section */
	};
	rootObject = 369D76862C00586E00777A8E /* Project object */;
}
